
Microsoft Visual Studio Solution File, Format Version 12.00
# Visual Studio 14
VisualStudioVersion = 14.0.25420.1
MinimumVisualStudioVersion = 10.0.40219.1
Project("{FAE04EC0-301F-11D3-BF4B-00C04F79EFBC}") = "SportsStore.DAL", "SportsStore.DAL\SportsStore.DAL.csproj", "{27098C39-D878-490A-8292-EAAC24F8D57B}"
EndProject
Project("{FAE04EC0-301F-11D3-BF4B-00C04F79EFBC}") = "SportsStore.Tests", "SportsStore.Tests\SportsStore.Tests.csproj", "{12989681-955F-4EAA-A549-58934E8E7B10}"
EndProject
Project("{FAE04EC0-301F-11D3-BF4B-00C04F79EFBC}") = "SportsStore.BLL", "SportsStore.BLL\SportsStore.BLL.csproj", "{6E0CEBA2-DFD3-4E82-B85A-C7ABC675D55F}"
EndProject
Project("{FAE04EC0-301F-11D3-BF4B-00C04F79EFBC}") = "SportsStore.Web", "SportsStore.Web\SportsStore.Web.csproj", "{74DE12F4-6775-4FC8-8DBA-D188CBC0DB69}"
EndProject
Global
	GlobalSection(SolutionConfigurationPlatforms) = preSolution
		Debug|Any CPU = Debug|Any CPU
		Release|Any CPU = Release|Any CPU
	EndGlobalSection
	GlobalSection(ProjectConfigurationPlatforms) = postSolution
		{27098C39-D878-490A-8292-EAAC24F8D57B}.Debug|Any CPU.ActiveCfg = Debug|Any CPU
		{27098C39-D878-490A-8292-EAAC24F8D57B}.Debug|Any CPU.Build.0 = Debug|Any CPU
		{27098C39-D878-490A-8292-EAAC24F8D57B}.Release|Any CPU.ActiveCfg = Release|Any CPU
		{27098C39-D878-490A-8292-EAAC24F8D57B}.Release|Any CPU.Build.0 = Release|Any CPU
		{12989681-955F-4EAA-A549-58934E8E7B10}.Debug|Any CPU.ActiveCfg = Debug|Any CPU
		{12989681-955F-4EAA-A549-58934E8E7B10}.Debug|Any CPU.Build.0 = Debug|Any CPU
		{12989681-955F-4EAA-A549-58934E8E7B10}.Release|Any CPU.ActiveCfg = Release|Any CPU
		{12989681-955F-4EAA-A549-58934E8E7B10}.Release|Any CPU.Build.0 = Release|Any CPU
		{6E0CEBA2-DFD3-4E82-B85A-C7ABC675D55F}.Debug|Any CPU.ActiveCfg = Debug|Any CPU
		{6E0CEBA2-DFD3-4E82-B85A-C7ABC675D55F}.Debug|Any CPU.Build.0 = Debug|Any CPU
		{6E0CEBA2-DFD3-4E82-B85A-C7ABC675D55F}.Release|Any CPU.ActiveCfg = Release|Any CPU
		{6E0CEBA2-DFD3-4E82-B85A-C7ABC675D55F}.Release|Any CPU.Build.0 = Release|Any CPU
		{74DE12F4-6775-4FC8-8DBA-D188CBC0DB69}.Debug|Any CPU.ActiveCfg = Debug|Any CPU
		{74DE12F4-6775-4FC8-8DBA-D188CBC0DB69}.Debug|Any CPU.Build.0 = Debug|Any CPU
		{74DE12F4-6775-4FC8-8DBA-D188CBC0DB69}.Release|Any CPU.ActiveCfg = Release|Any CPU
		{74DE12F4-6775-4FC8-8DBA-D188CBC0DB69}.Release|Any CPU.Build.0 = Release|Any CPU
	EndGlobalSection
	GlobalSection(SolutionProperties) = preSolution
		HideSolutionNode = FALSE
	EndGlobalSection
EndGlobal
